// !$*UTF8*$!
{
	archiveVersion = 1;
	classes = {
	};
	objectVersion = 55;
	objects = {

/* Begin PBXBuildFile section */
		0A4D3F1CEEF856C374A74135 /* Pods_InstagramTests.framework in Frameworks */ = {isa = PBXBuildFile; fileRef = BC77BA9D0A9F99A27CC9131F /* Pods_InstagramTests.framework */; };
		8ADF0966286B72A70012A17A /* AppDelegate.m in Sources */ = {isa = PBXBuildFile; fileRef = 8ADF0965286B72A70012A17A /* AppDelegate.m */; };
		8ADF0969286B72A70012A17A /* SceneDelegate.m in Sources */ = {isa = PBXBuildFile; fileRef = 8ADF0968286B72A70012A17A /* SceneDelegate.m */; };
		8ADF096C286B72A70012A17A /* ViewController.m in Sources */ = {isa = PBXBuildFile; fileRef = 8ADF096B286B72A70012A17A /* ViewController.m */; };
		8ADF096F286B72A70012A17A /* Main.storyboard in Resources */ = {isa = PBXBuildFile; fileRef = 8ADF096D286B72A70012A17A /* Main.storyboard */; };
		8ADF0971286B72A70012A17A /* Assets.xcassets in Resources */ = {isa = PBXBuildFile; fileRef = 8ADF0970286B72A70012A17A /* Assets.xcassets */; };
		8ADF0974286B72A70012A17A /* LaunchScreen.storyboard in Resources */ = {isa = PBXBuildFile; fileRef = 8ADF0972286B72A70012A17A /* LaunchScreen.storyboard */; };
		8ADF0977286B72A70012A17A /* main.m in Sources */ = {isa = PBXBuildFile; fileRef = 8ADF0976286B72A70012A17A /* main.m */; };
		8ADF0981286B72A80012A17A /* InstagramTests.m in Sources */ = {isa = PBXBuildFile; fileRef = 8ADF0980286B72A80012A17A /* InstagramTests.m */; };
		8ADF098B286B72A80012A17A /* InstagramUITests.m in Sources */ = {isa = PBXBuildFile; fileRef = 8ADF098A286B72A80012A17A /* InstagramUITests.m */; };
		8ADF098D286B72A80012A17A /* InstagramUITestsLaunchTests.m in Sources */ = {isa = PBXBuildFile; fileRef = 8ADF098C286B72A80012A17A /* InstagramUITestsLaunchTests.m */; };
		A85368E01114FC7E9F4CC86A /* Pods_Instagram.framework in Frameworks */ = {isa = PBXBuildFile; fileRef = 18058FA9C7320B91CE9DF86F /* Pods_Instagram.framework */; };
		B5C76963E20D86BAB0D7CE8A /* Pods_Instagram_InstagramUITests.framework in Frameworks */ = {isa = PBXBuildFile; fileRef = 6142C4F8117AC365716834B3 /* Pods_Instagram_InstagramUITests.framework */; };
/* End PBXBuildFile section */

/* Begin PBXContainerItemProxy section */
		8ADF097D286B72A80012A17A /* PBXContainerItemProxy */ = {
			isa = PBXContainerItemProxy;
			containerPortal = 8ADF0959286B72A70012A17A /* Project object */;
			proxyType = 1;
			remoteGlobalIDString = 8ADF0960286B72A70012A17A;
			remoteInfo = Instagram;
		};
		8ADF0987286B72A80012A17A /* PBXContainerItemProxy */ = {
			isa = PBXContainerItemProxy;
			containerPortal = 8ADF0959286B72A70012A17A /* Project object */;
			proxyType = 1;
			remoteGlobalIDString = 8ADF0960286B72A70012A17A;
			remoteInfo = Instagram;
		};
/* End PBXContainerItemProxy section */

/* Begin PBXFileReference section */
		18058FA9C7320B91CE9DF86F /* Pods_Instagram.framework */ = {isa = PBXFileReference; explicitFileType = wrapper.framework; includeInIndex = 0; path = Pods_Instagram.framework; sourceTree = BUILT_PRODUCTS_DIR; };
		1AA2BBF92E16CDE6CF3AE2ED /* Pods-Instagram.release.xcconfig */ = {isa = PBXFileReference; includeInIndex = 1; lastKnownFileType = text.xcconfig; name = "Pods-Instagram.release.xcconfig"; path = "Target Support Files/Pods-Instagram/Pods-Instagram.release.xcconfig"; sourceTree = "<group>"; };
		5C8E82D61BA4CBB83D5F8216 /* Pods-InstagramTests.release.xcconfig */ = {isa = PBXFileReference; includeInIndex = 1; lastKnownFileType = text.xcconfig; name = "Pods-InstagramTests.release.xcconfig"; path = "Target Support Files/Pods-InstagramTests/Pods-InstagramTests.release.xcconfig"; sourceTree = "<group>"; };
		6142C4F8117AC365716834B3 /* Pods_Instagram_InstagramUITests.framework */ = {isa = PBXFileReference; explicitFileType = wrapper.framework; includeInIndex = 0; path = Pods_Instagram_InstagramUITests.framework; sourceTree = BUILT_PRODUCTS_DIR; };
		7FED1441B5A3F18C7AE820AD /* Pods-Instagram-InstagramUITests.debug.xcconfig */ = {isa = PBXFileReference; includeInIndex = 1; lastKnownFileType = text.xcconfig; name = "Pods-Instagram-InstagramUITests.debug.xcconfig"; path = "Target Support Files/Pods-Instagram-InstagramUITests/Pods-Instagram-InstagramUITests.debug.xcconfig"; sourceTree = "<group>"; };
		8ADF0961286B72A70012A17A /* Instagram.app */ = {isa = PBXFileReference; explicitFileType = wrapper.application; includeInIndex = 0; path = Instagram.app; sourceTree = BUILT_PRODUCTS_DIR; };
		8ADF0964286B72A70012A17A /* AppDelegate.h */ = {isa = PBXFileReference; lastKnownFileType = sourcecode.c.h; path = AppDelegate.h; sourceTree = "<group>"; };
		8ADF0965286B72A70012A17A /* AppDelegate.m */ = {isa = PBXFileReference; lastKnownFileType = sourcecode.c.objc; path = AppDelegate.m; sourceTree = "<group>"; };
		8ADF0967286B72A70012A17A /* SceneDelegate.h */ = {isa = PBXFileReference; lastKnownFileType = sourcecode.c.h; path = SceneDelegate.h; sourceTree = "<group>"; };
		8ADF0968286B72A70012A17A /* SceneDelegate.m */ = {isa = PBXFileReference; lastKnownFileType = sourcecode.c.objc; path = SceneDelegate.m; sourceTree = "<group>"; };
		8ADF096A286B72A70012A17A /* ViewController.h */ = {isa = PBXFileReference; lastKnownFileType = sourcecode.c.h; path = ViewController.h; sourceTree = "<group>"; };
		8ADF096B286B72A70012A17A /* ViewController.m */ = {isa = PBXFileReference; lastKnownFileType = sourcecode.c.objc; path = ViewController.m; sourceTree = "<group>"; };
		8ADF096E286B72A70012A17A /* Base */ = {isa = PBXFileReference; lastKnownFileType = file.storyboard; name = Base; path = Base.lproj/Main.storyboard; sourceTree = "<group>"; };
		8ADF0970286B72A70012A17A /* Assets.xcassets */ = {isa = PBXFileReference; lastKnownFileType = folder.assetcatalog; path = Assets.xcassets; sourceTree = "<group>"; };
		8ADF0973286B72A70012A17A /* Base */ = {isa = PBXFileReference; lastKnownFileType = file.storyboard; name = Base; path = Base.lproj/LaunchScreen.storyboard; sourceTree = "<group>"; };
		8ADF0975286B72A70012A17A /* Info.plist */ = {isa = PBXFileReference; lastKnownFileType = text.plist.xml; path = Info.plist; sourceTree = "<group>"; };
		8ADF0976286B72A70012A17A /* main.m */ = {isa = PBXFileReference; lastKnownFileType = sourcecode.c.objc; path = main.m; sourceTree = "<group>"; };
		8ADF097C286B72A80012A17A /* InstagramTests.xctest */ = {isa = PBXFileReference; explicitFileType = wrapper.cfbundle; includeInIndex = 0; path = InstagramTests.xctest; sourceTree = BUILT_PRODUCTS_DIR; };
		8ADF0980286B72A80012A17A /* InstagramTests.m */ = {isa = PBXFileReference; lastKnownFileType = sourcecode.c.objc; path = InstagramTests.m; sourceTree = "<group>"; };
		8ADF0986286B72A80012A17A /* InstagramUITests.xctest */ = {isa = PBXFileReference; explicitFileType = wrapper.cfbundle; includeInIndex = 0; path = InstagramUITests.xctest; sourceTree = BUILT_PRODUCTS_DIR; };
		8ADF098A286B72A80012A17A /* InstagramUITests.m */ = {isa = PBXFileReference; lastKnownFileType = sourcecode.c.objc; path = InstagramUITests.m; sourceTree = "<group>"; };
		8ADF098C286B72A80012A17A /* InstagramUITestsLaunchTests.m */ = {isa = PBXFileReference; lastKnownFileType = sourcecode.c.objc; path = InstagramUITestsLaunchTests.m; sourceTree = "<group>"; };
		BC77BA9D0A9F99A27CC9131F /* Pods_InstagramTests.framework */ = {isa = PBXFileReference; explicitFileType = wrapper.framework; includeInIndex = 0; path = Pods_InstagramTests.framework; sourceTree = BUILT_PRODUCTS_DIR; };
		C3400BF9493253FA755E7FD3 /* Pods-InstagramTests.debug.xcconfig */ = {isa = PBXFileReference; includeInIndex = 1; lastKnownFileType = text.xcconfig; name = "Pods-InstagramTests.debug.xcconfig"; path = "Target Support Files/Pods-InstagramTests/Pods-InstagramTests.debug.xcconfig"; sourceTree = "<group>"; };
		DB1A6DF989A8D4388BF25088 /* Pods-Instagram.debug.xcconfig */ = {isa = PBXFileReference; includeInIndex = 1; lastKnownFileType = text.xcconfig; name = "Pods-Instagram.debug.xcconfig"; path = "Target Support Files/Pods-Instagram/Pods-Instagram.debug.xcconfig"; sourceTree = "<group>"; };
		FFD1DD44F9C86A450BCC1823 /* Pods-Instagram-InstagramUITests.release.xcconfig */ = {isa = PBXFileReference; includeInIndex = 1; lastKnownFileType = text.xcconfig; name = "Pods-Instagram-InstagramUITests.release.xcconfig"; path = "Target Support Files/Pods-Instagram-InstagramUITests/Pods-Instagram-InstagramUITests.release.xcconfig"; sourceTree = "<group>"; };
/* End PBXFileReference section */

/* Begin PBXFrameworksBuildPhase section */
		8ADF095E286B72A70012A17A /* Frameworks */ = {
			isa = PBXFrameworksBuildPhase;
			buildActionMask = 2147483647;
			files = (
				A85368E01114FC7E9F4CC86A /* Pods_Instagram.framework in Frameworks */,
			);
			runOnlyForDeploymentPostprocessing = 0;
		};
		8ADF0979286B72A80012A17A /* Frameworks */ = {
			isa = PBXFrameworksBuildPhase;
			buildActionMask = 2147483647;
			files = (
				0A4D3F1CEEF856C374A74135 /* Pods_InstagramTests.framework in Frameworks */,
			);
			runOnlyForDeploymentPostprocessing = 0;
		};
		8ADF0983286B72A80012A17A /* Frameworks */ = {
			isa = PBXFrameworksBuildPhase;
			buildActionMask = 2147483647;
			files = (
				B5C76963E20D86BAB0D7CE8A /* Pods_Instagram_InstagramUITests.framework in Frameworks */,
			);
			runOnlyForDeploymentPostprocessing = 0;
		};
/* End PBXFrameworksBuildPhase section */

/* Begin PBXGroup section */
		8ADF0958286B72A70012A17A = {
			isa = PBXGroup;
			children = (
				8ADF0963286B72A70012A17A /* Instagram */,
				8ADF097F286B72A80012A17A /* InstagramTests */,
				8ADF0989286B72A80012A17A /* InstagramUITests */,
				8ADF0962286B72A70012A17A /* Products */,
				DE5C2ABB36224C3A66AF66D3 /* Pods */,
				E18D91F60EA69E07ABC4F061 /* Frameworks */,
			);
			sourceTree = "<group>";
		};
		8ADF0962286B72A70012A17A /* Products */ = {
			isa = PBXGroup;
			children = (
				8ADF0961286B72A70012A17A /* Instagram.app */,
				8ADF097C286B72A80012A17A /* InstagramTests.xctest */,
				8ADF0986286B72A80012A17A /* InstagramUITests.xctest */,
			);
			name = Products;
			sourceTree = "<group>";
		};
		8ADF0963286B72A70012A17A /* Instagram */ = {
			isa = PBXGroup;
			children = (
				8ADF0964286B72A70012A17A /* AppDelegate.h */,
				8ADF0965286B72A70012A17A /* AppDelegate.m */,
				8ADF0967286B72A70012A17A /* SceneDelegate.h */,
				8ADF0968286B72A70012A17A /* SceneDelegate.m */,
				8ADF096A286B72A70012A17A /* ViewController.h */,
				8ADF096B286B72A70012A17A /* ViewController.m */,
				8ADF096D286B72A70012A17A /* Main.storyboard */,
				8ADF0970286B72A70012A17A /* Assets.xcassets */,
				8ADF0972286B72A70012A17A /* LaunchScreen.storyboard */,
				8ADF0975286B72A70012A17A /* Info.plist */,
				8ADF0976286B72A70012A17A /* main.m */,
			);
			path = Instagram;
			sourceTree = "<group>";
		};
		8ADF097F286B72A80012A17A /* InstagramTests */ = {
			isa = PBXGroup;
			children = (
				8ADF0980286B72A80012A17A /* InstagramTests.m */,
			);
			path = InstagramTests;
			sourceTree = "<group>";
		};
		8ADF0989286B72A80012A17A /* InstagramUITests */ = {
			isa = PBXGroup;
			children = (
				8ADF098A286B72A80012A17A /* InstagramUITests.m */,
				8ADF098C286B72A80012A17A /* InstagramUITestsLaunchTests.m */,
			);
			path = InstagramUITests;
			sourceTree = "<group>";
		};
		DE5C2ABB36224C3A66AF66D3 /* Pods */ = {
			isa = PBXGroup;
			children = (
				DB1A6DF989A8D4388BF25088 /* Pods-Instagram.debug.xcconfig */,
				1AA2BBF92E16CDE6CF3AE2ED /* Pods-Instagram.release.xcconfig */,
				7FED1441B5A3F18C7AE820AD /* Pods-Instagram-InstagramUITests.debug.xcconfig */,
				FFD1DD44F9C86A450BCC1823 /* Pods-Instagram-InstagramUITests.release.xcconfig */,
				C3400BF9493253FA755E7FD3 /* Pods-InstagramTests.debug.xcconfig */,
				5C8E82D61BA4CBB83D5F8216 /* Pods-InstagramTests.release.xcconfig */,
			);
			name = Pods;
			path = Pods;
			sourceTree = "<group>";
		};
		E18D91F60EA69E07ABC4F061 /* Frameworks */ = {
			isa = PBXGroup;
			children = (
				18058FA9C7320B91CE9DF86F /* Pods_Instagram.framework */,
				6142C4F8117AC365716834B3 /* Pods_Instagram_InstagramUITests.framework */,
				BC77BA9D0A9F99A27CC9131F /* Pods_InstagramTests.framework */,
			);
			name = Frameworks;
			sourceTree = "<group>";
		};
/* End PBXGroup section */

/* Begin PBXNativeTarget section */
		8ADF0960286B72A70012A17A /* Instagram */ = {
			isa = PBXNativeTarget;
			buildConfigurationList = 8ADF0990286B72A80012A17A /* Build configuration list for PBXNativeTarget "Instagram" */;
			buildPhases = (
				F125722C358C6292E9C329FD /* [CP] Check Pods Manifest.lock */,
				8ADF095D286B72A70012A17A /* Sources */,
				8ADF095E286B72A70012A17A /* Frameworks */,
				8ADF095F286B72A70012A17A /* Resources */,
				304618E95611B48CCB251D19 /* [CP] Embed Pods Frameworks */,
			);
			buildRules = (
			);
			dependencies = (
			);
			name = Instagram;
			productName = Instagram;
			productReference = 8ADF0961286B72A70012A17A /* Instagram.app */;
			productType = "com.apple.product-type.application";
		};
		8ADF097B286B72A80012A17A /* InstagramTests */ = {
			isa = PBXNativeTarget;
			buildConfigurationList = 8ADF0993286B72A80012A17A /* Build configuration list for PBXNativeTarget "InstagramTests" */;
			buildPhases = (
				90E3B62145FFBDEE7F6A783B /* [CP] Check Pods Manifest.lock */,
				8ADF0978286B72A80012A17A /* Sources */,
				8ADF0979286B72A80012A17A /* Frameworks */,
				8ADF097A286B72A80012A17A /* Resources */,
			);
			buildRules = (
			);
			dependencies = (
				8ADF097E286B72A80012A17A /* PBXTargetDependency */,
			);
			name = InstagramTests;
			productName = InstagramTests;
			productReference = 8ADF097C286B72A80012A17A /* InstagramTests.xctest */;
			productType = "com.apple.product-type.bundle.unit-test";
		};
		8ADF0985286B72A80012A17A /* InstagramUITests */ = {
			isa = PBXNativeTarget;
			buildConfigurationList = 8ADF0996286B72A80012A17A /* Build configuration list for PBXNativeTarget "InstagramUITests" */;
			buildPhases = (
				2201D76F6D0F73476F8CC3BB /* [CP] Check Pods Manifest.lock */,
				8ADF0982286B72A80012A17A /* Sources */,
				8ADF0983286B72A80012A17A /* Frameworks */,
				8ADF0984286B72A80012A17A /* Resources */,
				50D32A9D10E754EDA50717AC /* [CP] Embed Pods Frameworks */,
			);
			buildRules = (
			);
			dependencies = (
				8ADF0988286B72A80012A17A /* PBXTargetDependency */,
			);
			name = InstagramUITests;
			productName = InstagramUITests;
			productReference = 8ADF0986286B72A80012A17A /* InstagramUITests.xctest */;
			productType = "com.apple.product-type.bundle.ui-testing";
		};
/* End PBXNativeTarget section */

/* Begin PBXProject section */
		8ADF0959286B72A70012A17A /* Project object */ = {
			isa = PBXProject;
			attributes = {
				BuildIndependentTargetsInParallel = 1;
				LastUpgradeCheck = 1340;
				TargetAttributes = {
					8ADF0960286B72A70012A17A = {
						CreatedOnToolsVersion = 13.4;
					};
					8ADF097B286B72A80012A17A = {
						CreatedOnToolsVersion = 13.4;
						TestTargetID = 8ADF0960286B72A70012A17A;
					};
					8ADF0985286B72A80012A17A = {
						CreatedOnToolsVersion = 13.4;
						TestTargetID = 8ADF0960286B72A70012A17A;
					};
				};
			};
			buildConfigurationList = 8ADF095C286B72A70012A17A /* Build configuration list for PBXProject "Instagram" */;
			compatibilityVersion = "Xcode 13.0";
			developmentRegion = en;
			hasScannedForEncodings = 0;
			knownRegions = (
				en,
				Base,
			);
			mainGroup = 8ADF0958286B72A70012A17A;
			productRefGroup = 8ADF0962286B72A70012A17A /* Products */;
			projectDirPath = "";
			projectRoot = "";
			targets = (
				8ADF0960286B72A70012A17A /* Instagram */,
				8ADF097B286B72A80012A17A /* InstagramTests */,
				8ADF0985286B72A80012A17A /* InstagramUITests */,
			);
		};
/* End PBXProject section */

/* Begin PBXResourcesBuildPhase section */
		8ADF095F286B72A70012A17A /* Resources */ = {
			isa = PBXResourcesBuildPhase;
			buildActionMask = 2147483647;
			files = (
				8ADF0974286B72A70012A17A /* LaunchScreen.storyboard in Resources */,
				8ADF0971286B72A70012A17A /* Assets.xcassets in Resources */,
				8ADF096F286B72A70012A17A /* Main.storyboard in Resources */,
			);
			runOnlyForDeploymentPostprocessing = 0;
		};
		8ADF097A286B72A80012A17A /* Resources */ = {
			isa = PBXResourcesBuildPhase;
			buildActionMask = 2147483647;
			files = (
			);
			runOnlyForDeploymentPostprocessing = 0;
		};
		8ADF0984286B72A80012A17A /* Resources */ = {
			isa = PBXResourcesBuildPhase;
			buildActionMask = 2147483647;
			files = (
			);
			runOnlyForDeploymentPostprocessing = 0;
		};
/* End PBXResourcesBuildPhase section */

/* Begin PBXShellScriptBuildPhase section */
		2201D76F6D0F73476F8CC3BB /* [CP] Check Pods Manifest.lock */ = {
			isa = PBXShellScriptBuildPhase;
			buildActionMask = 2147483647;
			files = (
			);
			inputFileListPaths = (
			);
			inputPaths = (
				"${PODS_PODFILE_DIR_PATH}/Podfile.lock",
				"${PODS_ROOT}/Manifest.lock",
			);
			name = "[CP] Check Pods Manifest.lock";
			outputFileListPaths = (
			);
			outputPaths = (
				"$(DERIVED_FILE_DIR)/Pods-Instagram-InstagramUITests-checkManifestLockResult.txt",
			);
			runOnlyForDeploymentPostprocessing = 0;
			shellPath = /bin/sh;
			shellScript = "diff \"${PODS_PODFILE_DIR_PATH}/Podfile.lock\" \"${PODS_ROOT}/Manifest.lock\" > /dev/null\nif [ $? != 0 ] ; then\n    # print error to STDERR\n    echo \"error: The sandbox is not in sync with the Podfile.lock. Run 'pod install' or update your CocoaPods installation.\" >&2\n    exit 1\nfi\n# This output is used by Xcode 'outputs' to avoid re-running this script phase.\necho \"SUCCESS\" > \"${SCRIPT_OUTPUT_FILE_0}\"\n";
			showEnvVarsInLog = 0;
		};
		304618E95611B48CCB251D19 /* [CP] Embed Pods Frameworks */ = {
			isa = PBXShellScriptBuildPhase;
			buildActionMask = 2147483647;
			files = (
			);
			inputFileListPaths = (
				"${PODS_ROOT}/Target Support Files/Pods-Instagram/Pods-Instagram-frameworks-${CONFIGURATION}-input-files.xcfilelist",
			);
			name = "[CP] Embed Pods Frameworks";
			outputFileListPaths = (
				"${PODS_ROOT}/Target Support Files/Pods-Instagram/Pods-Instagram-frameworks-${CONFIGURATION}-output-files.xcfilelist",
			);
			runOnlyForDeploymentPostprocessing = 0;
			shellPath = /bin/sh;
			shellScript = "\"${PODS_ROOT}/Target Support Files/Pods-Instagram/Pods-Instagram-frameworks.sh\"\n";
			showEnvVarsInLog = 0;
		};
		50D32A9D10E754EDA50717AC /* [CP] Embed Pods Frameworks */ = {
			isa = PBXShellScriptBuildPhase;
			buildActionMask = 2147483647;
			files = (
			);
			inputFileListPaths = (
				"${PODS_ROOT}/Target Support Files/Pods-Instagram-InstagramUITests/Pods-Instagram-InstagramUITests-frameworks-${CONFIGURATION}-input-files.xcfilelist",
			);
			name = "[CP] Embed Pods Frameworks";
			outputFileListPaths = (
				"${PODS_ROOT}/Target Support Files/Pods-Instagram-InstagramUITests/Pods-Instagram-InstagramUITests-frameworks-${CONFIGURATION}-output-files.xcfilelist",
			);
			runOnlyForDeploymentPostprocessing = 0;
			shellPath = /bin/sh;
			shellScript = "\"${PODS_ROOT}/Target Support Files/Pods-Instagram-InstagramUITests/Pods-Instagram-InstagramUITests-frameworks.sh\"\n";
			showEnvVarsInLog = 0;
		};
		90E3B62145FFBDEE7F6A783B /* [CP] Check Pods Manifest.lock */ = {
			isa = PBXShellScriptBuildPhase;
			buildActionMask = 2147483647;
			files = (
			);
			inputFileListPaths = (
			);
			inputPaths = (
				"${PODS_PODFILE_DIR_PATH}/Podfile.lock",
				"${PODS_ROOT}/Manifest.lock",
			);
			name = "[CP] Check Pods Manifest.lock";
			outputFileListPaths = (
			);
			outputPaths = (
				"$(DERIVED_FILE_DIR)/Pods-InstagramTests-checkManifestLockResult.txt",
			);
			runOnlyForDeploymentPostprocessing = 0;
			shellPath = /bin/sh;
			shellScript = "diff \"${PODS_PODFILE_DIR_PATH}/Podfile.lock\" \"${PODS_ROOT}/Manifest.lock\" > /dev/null\nif [ $? != 0 ] ; then\n    # print error to STDERR\n    echo \"error: The sandbox is not in sync with the Podfile.lock. Run 'pod install' or update your CocoaPods installation.\" >&2\n    exit 1\nfi\n# This output is used by Xcode 'outputs' to avoid re-running this script phase.\necho \"SUCCESS\" > \"${SCRIPT_OUTPUT_FILE_0}\"\n";
			showEnvVarsInLog = 0;
		};
		F125722C358C6292E9C329FD /* [CP] Check Pods Manifest.lock */ = {
			isa = PBXShellScriptBuildPhase;
			buildActionMask = 2147483647;
			files = (
			);
			inputFileListPaths = (
			);
			inputPaths = (
				"${PODS_PODFILE_DIR_PATH}/Podfile.lock",
				"${PODS_ROOT}/Manifest.lock",
			);
			name = "[CP] Check Pods Manifest.lock";
			outputFileListPaths = (
			);
			outputPaths = (
				"$(DERIVED_FILE_DIR)/Pods-Instagram-checkManifestLockResult.txt",
			);
			runOnlyForDeploymentPostprocessing = 0;
			shellPath = /bin/sh;
			shellScript = "diff \"${PODS_PODFILE_DIR_PATH}/Podfile.lock\" \"${PODS_ROOT}/Manifest.lock\" > /dev/null\nif [ $? != 0 ] ; then\n    # print error to STDERR\n    echo \"error: The sandbox is not in sync with the Podfile.lock. Run 'pod install' or update your CocoaPods installation.\" >&2\n    exit 1\nfi\n# This output is used by Xcode 'outputs' to avoid re-running this script phase.\necho \"SUCCESS\" > \"${SCRIPT_OUTPUT_FILE_0}\"\n";
			showEnvVarsInLog = 0;
		};
/* End PBXShellScriptBuildPhase section */

/* Begin PBXSourcesBuildPhase section */
		8ADF095D286B72A70012A17A /* Sources */ = {
			isa = PBXSourcesBuildPhase;
			buildActionMask = 2147483647;
			files = (
				8ADF096C286B72A70012A17A /* ViewController.m in Sources */,
				8ADF0966286B72A70012A17A /* AppDelegate.m in Sources */,
				8ADF0977286B72A70012A17A /* main.m in Sources */,
				8ADF0969286B72A70012A17A /* SceneDelegate.m in Sources */,
			);
			runOnlyForDeploymentPostprocessing = 0;
		};
		8ADF0978286B72A80012A17A /* Sources */ = {
			isa = PBXSourcesBuildPhase;
			buildActionMask = 2147483647;
			files = (
				8ADF0981286B72A80012A17A /* InstagramTests.m in Sources */,
			);
			runOnlyForDeploymentPostprocessing = 0;
		};
		8ADF0982286B72A80012A17A /* Sources */ = {
			isa = PBXSourcesBuildPhase;
			buildActionMask = 2147483647;
			files = (
				8ADF098B286B72A80012A17A /* InstagramUITests.m in Sources */,
				8ADF098D286B72A80012A17A /* InstagramUITestsLaunchTests.m in Sources */,
			);
			runOnlyForDeploymentPostprocessing = 0;
		};
/* End PBXSourcesBuildPhase section */

/* Begin PBXTargetDependency section */
		8ADF097E286B72A80012A17A /* PBXTargetDependency */ = {
			isa = PBXTargetDependency;
			target = 8ADF0960286B72A70012A17A /* Instagram */;
			targetProxy = 8ADF097D286B72A80012A17A /* PBXContainerItemProxy */;
		};
		8ADF0988286B72A80012A17A /* PBXTargetDependency */ = {
			isa = PBXTargetDependency;
			target = 8ADF0960286B72A70012A17A /* Instagram */;
			targetProxy = 8ADF0987286B72A80012A17A /* PBXContainerItemProxy */;
		};
/* End PBXTargetDependency section */

/* Begin PBXVariantGroup section */
		8ADF096D286B72A70012A17A /* Main.storyboard */ = {
			isa = PBXVariantGroup;
			children = (
				8ADF096E286B72A70012A17A /* Base */,
			);
			name = Main.storyboard;
			sourceTree = "<group>";
		};
		8ADF0972286B72A70012A17A /* LaunchScreen.storyboard */ = {
			isa = PBXVariantGroup;
			children = (
				8ADF0973286B72A70012A17A /* Base */,
			);
			name = LaunchScreen.storyboard;
			sourceTree = "<group>";
		};
/* End PBXVariantGroup section */

/* Begin XCBuildConfiguration section */
		8ADF098E286B72A80012A17A /* Debug */ = {
			isa = XCBuildConfiguration;
			buildSettings = {
				ALWAYS_SEARCH_USER_PATHS = NO;
				CLANG_ANALYZER_NONNULL = YES;
				CLANG_ANALYZER_NUMBER_OBJECT_CONVERSION = YES_AGGRESSIVE;
				CLANG_CXX_LANGUAGE_STANDARD = "gnu++17";
				CLANG_ENABLE_MODULES = YES;
				CLANG_ENABLE_OBJC_ARC = YES;
				CLANG_ENABLE_OBJC_WEAK = YES;
				CLANG_WARN_BLOCK_CAPTURE_AUTORELEASING = YES;
				CLANG_WARN_BOOL_CONVERSION = YES;
				CLANG_WARN_COMMA = YES;
				CLANG_WARN_CONSTANT_CONVERSION = YES;
				CLANG_WARN_DEPRECATED_OBJC_IMPLEMENTATIONS = YES;
				CLANG_WARN_DIRECT_OBJC_ISA_USAGE = YES_ERROR;
				CLANG_WARN_DOCUMENTATION_COMMENTS = YES;
				CLANG_WARN_EMPTY_BODY = YES;
				CLANG_WARN_ENUM_CONVERSION = YES;
				CLANG_WARN_INFINITE_RECURSION = YES;
				CLANG_WARN_INT_CONVERSION = YES;
				CLANG_WARN_NON_LITERAL_NULL_CONVERSION = YES;
				CLANG_WARN_OBJC_IMPLICIT_RETAIN_SELF = YES;
				CLANG_WARN_OBJC_LITERAL_CONVERSION = YES;
				CLANG_WARN_OBJC_ROOT_CLASS = YES_ERROR;
				CLANG_WARN_QUOTED_INCLUDE_IN_FRAMEWORK_HEADER = YES;
				CLANG_WARN_RANGE_LOOP_ANALYSIS = YES;
				CLANG_WARN_STRICT_PROTOTYPES = YES;
				CLANG_WARN_SUSPICIOUS_MOVE = YES;
				CLANG_WARN_UNGUARDED_AVAILABILITY = YES_AGGRESSIVE;
				CLANG_WARN_UNREACHABLE_CODE = YES;
				CLANG_WARN__DUPLICATE_METHOD_MATCH = YES;
				COPY_PHASE_STRIP = NO;
				DEBUG_INFORMATION_FORMAT = dwarf;
				ENABLE_STRICT_OBJC_MSGSEND = YES;
				ENABLE_TESTABILITY = YES;
				GCC_C_LANGUAGE_STANDARD = gnu11;
				GCC_DYNAMIC_NO_PIC = NO;
				GCC_NO_COMMON_BLOCKS = YES;
				GCC_OPTIMIZATION_LEVEL = 0;
				GCC_PREPROCESSOR_DEFINITIONS = (
					"DEBUG=1",
					"$(inherited)",
				);
				GCC_WARN_64_TO_32_BIT_CONVERSION = YES;
				GCC_WARN_ABOUT_RETURN_TYPE = YES_ERROR;
				GCC_WARN_UNDECLARED_SELECTOR = YES;
				GCC_WARN_UNINITIALIZED_AUTOS = YES_AGGRESSIVE;
				GCC_WARN_UNUSED_FUNCTION = YES;
				GCC_WARN_UNUSED_VARIABLE = YES;
				IPHONEOS_DEPLOYMENT_TARGET = 15.5;
				MTL_ENABLE_DEBUG_INFO = INCLUDE_SOURCE;
				MTL_FAST_MATH = YES;
				ONLY_ACTIVE_ARCH = YES;
				SDKROOT = iphoneos;
			};
			name = Debug;
		};
		8ADF098F286B72A80012A17A /* Release */ = {
			isa = XCBuildConfiguration;
			buildSettings = {
				ALWAYS_SEARCH_USER_PATHS = NO;
				CLANG_ANALYZER_NONNULL = YES;
				CLANG_ANALYZER_NUMBER_OBJECT_CONVERSION = YES_AGGRESSIVE;
				CLANG_CXX_LANGUAGE_STANDARD = "gnu++17";
				CLANG_ENABLE_MODULES = YES;
				CLANG_ENABLE_OBJC_ARC = YES;
				CLANG_ENABLE_OBJC_WEAK = YES;
				CLANG_WARN_BLOCK_CAPTURE_AUTORELEASING = YES;
				CLANG_WARN_BOOL_CONVERSION = YES;
				CLANG_WARN_COMMA = YES;
				CLANG_WARN_CONSTANT_CONVERSION = YES;
				CLANG_WARN_DEPRECATED_OBJC_IMPLEMENTATIONS = YES;
				CLANG_WARN_DIRECT_OBJC_ISA_USAGE = YES_ERROR;
				CLANG_WARN_DOCUMENTATION_COMMENTS = YES;
				CLANG_WARN_EMPTY_BODY = YES;
				CLANG_WARN_ENUM_CONVERSION = YES;
				CLANG_WARN_INFINITE_RECURSION = YES;
				CLANG_WARN_INT_CONVERSION = YES;
				CLANG_WARN_NON_LITERAL_NULL_CONVERSION = YES;
				CLANG_WARN_OBJC_IMPLICIT_RETAIN_SELF = YES;
				CLANG_WARN_OBJC_LITERAL_CONVERSION = YES;
				CLANG_WARN_OBJC_ROOT_CLASS = YES_ERROR;
				CLANG_WARN_QUOTED_INCLUDE_IN_FRAMEWORK_HEADER = YES;
				CLANG_WARN_RANGE_LOOP_ANALYSIS = YES;
				CLANG_WARN_STRICT_PROTOTYPES = YES;
				CLANG_WARN_SUSPICIOUS_MOVE = YES;
				CLANG_WARN_UNGUARDED_AVAILABILITY = YES_AGGRESSIVE;
				CLANG_WARN_UNREACHABLE_CODE = YES;
				CLANG_WARN__DUPLICATE_METHOD_MATCH = YES;
				COPY_PHASE_STRIP = NO;
				DEBUG_INFORMATION_FORMAT = "dwarf-with-dsym";
				ENABLE_NS_ASSERTIONS = NO;
				ENABLE_STRICT_OBJC_MSGSEND = YES;
				GCC_C_LANGUAGE_STANDARD = gnu11;
				GCC_NO_COMMON_BLOCKS = YES;
				GCC_WARN_64_TO_32_BIT_CONVERSION = YES;
				GCC_WARN_ABOUT_RETURN_TYPE = YES_ERROR;
				GCC_WARN_UNDECLARED_SELECTOR = YES;
				GCC_WARN_UNINITIALIZED_AUTOS = YES_AGGRESSIVE;
				GCC_WARN_UNUSED_FUNCTION = YES;
				GCC_WARN_UNUSED_VARIABLE = YES;
				IPHONEOS_DEPLOYMENT_TARGET = 15.5;
				MTL_ENABLE_DEBUG_INFO = NO;
				MTL_FAST_MATH = YES;
				SDKROOT = iphoneos;
				VALIDATE_PRODUCT = YES;
			};
			name = Release;
		};
		8ADF0991286B72A80012A17A /* Debug */ = {
			isa = XCBuildConfiguration;
			baseConfigurationReference = DB1A6DF989A8D4388BF25088 /* Pods-Instagram.debug.xcconfig */;
			buildSettings = {
				ASSETCATALOG_COMPILER_APPICON_NAME = AppIcon;
				ASSETCATALOG_COMPILER_GLOBAL_ACCENT_COLOR_NAME = AccentColor;
				CODE_SIGN_STYLE = Automatic;
				CURRENT_PROJECT_VERSION = 1;
				GENERATE_INFOPLIST_FILE = YES;
				INFOPLIST_FILE = Instagram/Info.plist;
				INFOPLIST_KEY_UIApplicationSupportsIndirectInputEvents = YES;
				INFOPLIST_KEY_UILaunchStoryboardName = LaunchScreen;
				INFOPLIST_KEY_UIMainStoryboardFile = Main;
				INFOPLIST_KEY_UISupportedInterfaceOrientations_iPad = "UIInterfaceOrientationPortrait UIInterfaceOrientationPortraitUpsideDown UIInterfaceOrientationLandscapeLeft UIInterfaceOrientationLandscapeRight";
				INFOPLIST_KEY_UISupportedInterfaceOrientations_iPhone = "UIInterfaceOrientationPortrait UIInterfaceOrientationLandscapeLeft UIInterfaceOrientationLandscapeRight";
				LD_RUNPATH_SEARCH_PATHS = (
					"$(inherited)",
					"@executable_path/Frameworks",
				);
				MARKETING_VERSION = 1.0;
				PRODUCT_BUNDLE_IDENTIFIER = com.codepath.Instagram;
				PRODUCT_NAME = "$(TARGET_NAME)";
				SWIFT_EMIT_LOC_STRINGS = YES;
				TARGETED_DEVICE_FAMILY = "1,2";
			};
			name = Debug;
		};
		8ADF0992286B72A80012A17A /* Release */ = {
			isa = XCBuildConfiguration;
			baseConfigurationReference = 1AA2BBF92E16CDE6CF3AE2ED /* Pods-Instagram.release.xcconfig */;
			buildSettings = {
				ASSETCATALOG_COMPILER_APPICON_NAME = AppIcon;
				ASSETCATALOG_COMPILER_GLOBAL_ACCENT_COLOR_NAME = AccentColor;
				CODE_SIGN_STYLE = Automatic;
				CURRENT_PROJECT_VERSION = 1;
				GENERATE_INFOPLIST_FILE = YES;
				INFOPLIST_FILE = Instagram/Info.plist;
				INFOPLIST_KEY_UIApplicationSupportsIndirectInputEvents = YES;
				INFOPLIST_KEY_UILaunchStoryboardName = LaunchScreen;
				INFOPLIST_KEY_UIMainStoryboardFile = Main;
				INFOPLIST_KEY_UISupportedInterfaceOrientations_iPad = "UIInterfaceOrientationPortrait UIInterfaceOrientationPortraitUpsideDown UIInterfaceOrientationLandscapeLeft UIInterfaceOrientationLandscapeRight";
				INFOPLIST_KEY_UISupportedInterfaceOrientations_iPhone = "UIInterfaceOrientationPortrait UIInterfaceOrientationLandscapeLeft UIInterfaceOrientationLandscapeRight";
				LD_RUNPATH_SEARCH_PATHS = (
					"$(inherited)",
					"@executable_path/Frameworks",
				);
				MARKETING_VERSION = 1.0;
				PRODUCT_BUNDLE_IDENTIFIER = com.codepath.Instagram;
				PRODUCT_NAME = "$(TARGET_NAME)";
				SWIFT_EMIT_LOC_STRINGS = YES;
				TARGETED_DEVICE_FAMILY = "1,2";
			};
			name = Release;
		};
		8ADF0994286B72A80012A17A /* Debug */ = {
			isa = XCBuildConfiguration;
			baseConfigurationReference = C3400BF9493253FA755E7FD3 /* Pods-InstagramTests.debug.xcconfig */;
			buildSettings = {
				BUNDLE_LOADER = "$(TEST_HOST)";
				CODE_SIGN_STYLE = Automatic;
				CURRENT_PROJECT_VERSION = 1;
				GENERATE_INFOPLIST_FILE = YES;
				IPHONEOS_DEPLOYMENT_TARGET = 15.5;
				MARKETING_VERSION = 1.0;
				PRODUCT_BUNDLE_IDENTIFIER = com.codepath.InstagramTests;
				PRODUCT_NAME = "$(TARGET_NAME)";
				SWIFT_EMIT_LOC_STRINGS = NO;
				TARGETED_DEVICE_FAMILY = "1,2";
				TEST_HOST = "$(BUILT_PRODUCTS_DIR)/Instagram.app/Instagram";
			};
			name = Debug;
		};
		8ADF0995286B72A80012A17A /* Release */ = {
			isa = XCBuildConfiguration;
			baseConfigurationReference = 5C8E82D61BA4CBB83D5F8216 /* Pods-InstagramTests.release.xcconfig */;
			buildSettings = {
				BUNDLE_LOADER = "$(TEST_HOST)";
				CODE_SIGN_STYLE = Automatic;
				CURRENT_PROJECT_VERSION = 1;
				GENERATE_INFOPLIST_FILE = YES;
				IPHONEOS_DEPLOYMENT_TARGET = 15.5;
				MARKETING_VERSION = 1.0;
				PRODUCT_BUNDLE_IDENTIFIER = com.codepath.InstagramTests;
				PRODUCT_NAME = "$(TARGET_NAME)";
				SWIFT_EMIT_LOC_STRINGS = NO;
				TARGETED_DEVICE_FAMILY = "1,2";
				TEST_HOST = "$(BUILT_PRODUCTS_DIR)/Instagram.app/Instagram";
			};
			name = Release;
		};
		8ADF0997286B72A80012A17A /* Debug */ = {
			isa = XCBuildConfiguration;
			baseConfigurationReference = 7FED1441B5A3F18C7AE820AD /* Pods-Instagram-InstagramUITests.debug.xcconfig */;
			buildSettings = {
				CODE_SIGN_STYLE = Automatic;
				CURRENT_PROJECT_VERSION = 1;
				GENERATE_INFOPLIST_FILE = YES;
				MARKETING_VERSION = 1.0;
				PRODUCT_BUNDLE_IDENTIFIER = com.codepath.InstagramUITests;
				PRODUCT_NAME = "$(TARGET_NAME)";
				SWIFT_EMIT_LOC_STRINGS = NO;
				TARGETED_DEVICE_FAMILY = "1,2";
				TEST_TARGET_NAME = Instagram;
			};
			name = Debug;
		};
		8ADF0998286B72A80012A17A /* Release */ = {
			isa = XCBuildConfiguration;
			baseConfigurationReference = FFD1DD44F9C86A450BCC1823 /* Pods-Instagram-InstagramUITests.release.xcconfig */;
			buildSettings = {
				CODE_SIGN_STYLE = Automatic;
				CURRENT_PROJECT_VERSION = 1;
				GENERATE_INFOPLIST_FILE = YES;
				MARKETING_VERSION = 1.0;
				PRODUCT_BUNDLE_IDENTIFIER = com.codepath.InstagramUITests;
				PRODUCT_NAME = "$(TARGET_NAME)";
				SWIFT_EMIT_LOC_STRINGS = NO;
				TARGETED_DEVICE_FAMILY = "1,2";
				TEST_TARGET_NAME = Instagram;
			};
			name = Release;
		};
/* End XCBuildConfiguration section */

/* Begin XCConfigurationList section */
		8ADF095C286B72A70012A17A /* Build configuration list for PBXProject "Instagram" */ = {
			isa = XCConfigurationList;
			buildConfigurations = (
				8ADF098E286B72A80012A17A /* Debug */,
				8ADF098F286B72A80012A17A /* Release */,
			);
			defaultConfigurationIsVisible = 0;
			defaultConfigurationName = Release;
		};
		8ADF0990286B72A80012A17A /* Build configuration list for PBXNativeTarget "Instagram" */ = {
			isa = XCConfigurationList;
			buildConfigurations = (
				8ADF0991286B72A80012A17A /* Debug */,
				8ADF0992286B72A80012A17A /* Release */,
			);
			defaultConfigurationIsVisible = 0;
			defaultConfigurationName = Release;
		};
		8ADF0993286B72A80012A17A /* Build configuration list for PBXNativeTarget "InstagramTests" */ = {
			isa = XCConfigurationList;
			buildConfigurations = (
				8ADF0994286B72A80012A17A /* Debug */,
				8ADF0995286B72A80012A17A /* Release */,
			);
			defaultConfigurationIsVisible = 0;
			defaultConfigurationName = Release;
		};
		8ADF0996286B72A80012A17A /* Build configuration list for PBXNativeTarget "InstagramUITests" */ = {
			isa = XCConfigurationList;
			buildConfigurations = (
				8ADF0997286B72A80012A17A /* Debug */,
				8ADF0998286B72A80012A17A /* Release */,
			);
			defaultConfigurationIsVisible = 0;
			defaultConfigurationName = Release;
		};
/* End XCConfigurationList section */
	};
	rootObject = 8ADF0959286B72A70012A17A /* Project object */;
}
